
Microsoft Visual Studio Solution File, Format Version 12.00
# Visual Studio 15
VisualStudioVersion = 15.0.27428.2015
MinimumVisualStudioVersion = 10.0.40219.1
Project("{FAE04EC0-301F-11D3-BF4B-00C04F79EFBC}") = "User.Service", "User.Service\User.Service.csproj", "{AE71CE4E-E1CB-4473-9A13-371D86A8325B}"
EndProject
Global
	GlobalSection(SolutionConfigurationPlatforms) = preSolution
		Debug|Any CPU = Debug|Any CPU
		Release|Any CPU = Release|Any CPU
	EndGlobalSection
	GlobalSection(ProjectConfigurationPlatforms) = postSolution
		{AE71CE4E-E1CB-4473-9A13-371D86A8325B}.Debug|Any CPU.ActiveCfg = Debug|Any CPU
		{AE71CE4E-E1CB-4473-9A13-371D86A8325B}.Debug|Any CPU.Build.0 = Debug|Any CPU
		{AE71CE4E-E1CB-4473-9A13-371D86A8325B}.Release|Any CPU.ActiveCfg = Release|Any CPU
		{AE71CE4E-E1CB-4473-9A13-371D86A8325B}.Release|Any CPU.Build.0 = Release|Any CPU
	EndGlobalSection
	GlobalSection(SolutionProperties) = preSolution
		HideSolutionNode = FALSE
	EndGlobalSection
	GlobalSection(ExtensibilityGlobals) = postSolution
		SolutionGuid = {2DD0A6E6-9F6F-4010-9206-51F9E0EA7681}
	EndGlobalSection
EndGlobal
